
Microsoft Visual Studio Solution File, Format Version 12.00
# Visual Studio 15
VisualStudioVersion = 15.0.27428.2002
MinimumVisualStudioVersion = 10.0.40219.1
Project("{9A19103F-16F7-4668-BE54-9A1E7A4F7556}") = "Swagger-Client", "Swagger-Client\Swagger-Client.csproj", "{FFB08471-3EEF-4099-BA04-F9D959696EB5}"
EndProject
Global
	GlobalSection(SolutionConfigurationPlatforms) = preSolution
		Debug|Any CPU = Debug|Any CPU
		Release|Any CPU = Release|Any CPU
	EndGlobalSection
	GlobalSection(ProjectConfigurationPlatforms) = postSolution
		{FFB08471-3EEF-4099-BA04-F9D959696EB5}.Debug|Any CPU.ActiveCfg = Debug|Any CPU
		{FFB08471-3EEF-4099-BA04-F9D959696EB5}.Debug|Any CPU.Build.0 = Debug|Any CPU
		{FFB08471-3EEF-4099-BA04-F9D959696EB5}.Release|Any CPU.ActiveCfg = Release|Any CPU
		{FFB08471-3EEF-4099-BA04-F9D959696EB5}.Release|Any CPU.Build.0 = Release|Any CPU
	EndGlobalSection
	GlobalSection(SolutionProperties) = preSolution
		HideSolutionNode = FALSE
	EndGlobalSection
	GlobalSection(ExtensibilityGlobals) = postSolution
		SolutionGuid = {E48772B4-FC6A-44FE-A1EA-5703373A7EAA}
	EndGlobalSection
EndGlobal
